// !$*UTF8*$!
{
	archiveVersion = 1;
	classes = {
	};
	objectVersion = 46;
	objects = {

/* Begin PBXBuildFile section */
		F072804C195919430032056D /* AppDelegate.swift in Sources */ = {isa = PBXBuildFile; fileRef = F072804B195919430032056D /* AppDelegate.swift */; };
		F072804E195919430032056D /* Images.xcassets in Resources */ = {isa = PBXBuildFile; fileRef = F072804D195919430032056D /* Images.xcassets */; };
		F072805A195919430032056D /* MVGCDTests.swift in Sources */ = {isa = PBXBuildFile; fileRef = F0728059195919430032056D /* MVGCDTests.swift */; };
		F0BA007319592E7B003D6A9B /* MVGCD.swift in Sources */ = {isa = PBXBuildFile; fileRef = F0BA006F19592E7B003D6A9B /* MVGCD.swift */; };
/* End PBXBuildFile section */

/* Begin PBXContainerItemProxy section */
		F0728054195919430032056D /* PBXContainerItemProxy */ = {
			isa = PBXContainerItemProxy;
			containerPortal = F072803E195919420032056D /* Project object */;
			proxyType = 1;
			remoteGlobalIDString = F0728045195919430032056D;
			remoteInfo = MVGCD;
		};
/* End PBXContainerItemProxy section */

/* Begin PBXFileReference section */
		F0728046195919430032056D /* MVGCD.app */ = {isa = PBXFileReference; explicitFileType = wrapper.application; includeInIndex = 0; path = MVGCD.app; sourceTree = BUILT_PRODUCTS_DIR; };
		F072804A195919430032056D /* Info.plist */ = {isa = PBXFileReference; lastKnownFileType = text.plist.xml; path = Info.plist; sourceTree = "<group>"; };
		F072804B195919430032056D /* AppDelegate.swift */ = {isa = PBXFileReference; lastKnownFileType = sourcecode.swift; path = AppDelegate.swift; sourceTree = "<group>"; };
		F072804D195919430032056D /* Images.xcassets */ = {isa = PBXFileReference; lastKnownFileType = folder.assetcatalog; path = Images.xcassets; sourceTree = "<group>"; };
		F0728053195919430032056D /* MVGCDTests.xctest */ = {isa = PBXFileReference; explicitFileType = wrapper.cfbundle; includeInIndex = 0; path = MVGCDTests.xctest; sourceTree = BUILT_PRODUCTS_DIR; };
		F0728058195919430032056D /* Info.plist */ = {isa = PBXFileReference; lastKnownFileType = text.plist.xml; path = Info.plist; sourceTree = "<group>"; };
		F0728059195919430032056D /* MVGCDTests.swift */ = {isa = PBXFileReference; lastKnownFileType = sourcecode.swift; path = MVGCDTests.swift; sourceTree = "<group>"; };
		F0728065195919CB0032056D /* MVGCD.h */ = {isa = PBXFileReference; lastKnownFileType = sourcecode.c.h; path = MVGCD.h; sourceTree = "<group>"; };
		F0BA006F19592E7B003D6A9B /* MVGCD.swift */ = {isa = PBXFileReference; fileEncoding = 4; lastKnownFileType = sourcecode.swift; path = MVGCD.swift; sourceTree = "<group>"; };
/* End PBXFileReference section */

/* Begin PBXFrameworksBuildPhase section */
		F0728043195919430032056D /* Frameworks */ = {
			isa = PBXFrameworksBuildPhase;
			buildActionMask = 2147483647;
			files = (
			);
			runOnlyForDeploymentPostprocessing = 0;
		};
		F0728050195919430032056D /* Frameworks */ = {
			isa = PBXFrameworksBuildPhase;
			buildActionMask = 2147483647;
			files = (
			);
			runOnlyForDeploymentPostprocessing = 0;
		};
/* End PBXFrameworksBuildPhase section */

/* Begin PBXGroup section */
		F072803D195919420032056D = {
			isa = PBXGroup;
			children = (
				F0728048195919430032056D /* MVGCD */,
				F0728056195919430032056D /* MVGCDTests */,
				F0728047195919430032056D /* Products */,
			);
			sourceTree = "<group>";
		};
		F0728047195919430032056D /* Products */ = {
			isa = PBXGroup;
			children = (
				F0728046195919430032056D /* MVGCD.app */,
				F0728053195919430032056D /* MVGCDTests.xctest */,
			);
			name = Products;
			sourceTree = "<group>";
		};
		F0728048195919430032056D /* MVGCD */ = {
			isa = PBXGroup;
			children = (
				F072804B195919430032056D /* AppDelegate.swift */,
				F0BA006F19592E7B003D6A9B /* MVGCD.swift */,
				F072804D195919430032056D /* Images.xcassets */,
				F0728049195919430032056D /* Supporting Files */,
				F0728065195919CB0032056D /* MVGCD.h */,
			);
			path = MVGCD;
			sourceTree = "<group>";
		};
		F0728049195919430032056D /* Supporting Files */ = {
			isa = PBXGroup;
			children = (
				F072804A195919430032056D /* Info.plist */,
			);
			name = "Supporting Files";
			sourceTree = "<group>";
		};
		F0728056195919430032056D /* MVGCDTests */ = {
			isa = PBXGroup;
			children = (
				F0728059195919430032056D /* MVGCDTests.swift */,
				F0728057195919430032056D /* Supporting Files */,
			);
			path = MVGCDTests;
			sourceTree = "<group>";
		};
		F0728057195919430032056D /* Supporting Files */ = {
			isa = PBXGroup;
			children = (
				F0728058195919430032056D /* Info.plist */,
			);
			name = "Supporting Files";
			sourceTree = "<group>";
		};
/* End PBXGroup section */

/* Begin PBXNativeTarget section */
		F0728045195919430032056D /* MVGCD */ = {
			isa = PBXNativeTarget;
			buildConfigurationList = F072805D195919430032056D /* Build configuration list for PBXNativeTarget "MVGCD" */;
			buildPhases = (
				F0728042195919430032056D /* Sources */,
				F0728043195919430032056D /* Frameworks */,
				F0728044195919430032056D /* Resources */,
			);
			buildRules = (
			);
			dependencies = (
			);
			name = MVGCD;
			productName = MVGCD;
			productReference = F0728046195919430032056D /* MVGCD.app */;
			productType = "com.apple.product-type.application";
		};
		F0728052195919430032056D /* MVGCDTests */ = {
			isa = PBXNativeTarget;
			buildConfigurationList = F0728060195919430032056D /* Build configuration list for PBXNativeTarget "MVGCDTests" */;
			buildPhases = (
				F072804F195919430032056D /* Sources */,
				F0728050195919430032056D /* Frameworks */,
				F0728051195919430032056D /* Resources */,
			);
			buildRules = (
			);
			dependencies = (
				F0728055195919430032056D /* PBXTargetDependency */,
			);
			name = MVGCDTests;
			productName = MVGCDTests;
			productReference = F0728053195919430032056D /* MVGCDTests.xctest */;
			productType = "com.apple.product-type.bundle.unit-test";
		};
/* End PBXNativeTarget section */

/* Begin PBXProject section */
		F072803E195919420032056D /* Project object */ = {
			isa = PBXProject;
			attributes = {
				LastUpgradeCheck = 0600;
				ORGANIZATIONNAME = "Michael Vu";
				TargetAttributes = {
					F0728045195919430032056D = {
						CreatedOnToolsVersion = 6.0;
					};
					F0728052195919430032056D = {
						CreatedOnToolsVersion = 6.0;
						TestTargetID = F0728045195919430032056D;
					};
				};
			};
			buildConfigurationList = F0728041195919420032056D /* Build configuration list for PBXProject "MVGCD" */;
			compatibilityVersion = "Xcode 3.2";
			developmentRegion = English;
			hasScannedForEncodings = 0;
			knownRegions = (
				en,
			);
			mainGroup = F072803D195919420032056D;
			productRefGroup = F0728047195919430032056D /* Products */;
			projectDirPath = "";
			projectRoot = "";
			targets = (
				F0728045195919430032056D /* MVGCD */,
				F0728052195919430032056D /* MVGCDTests */,
			);
		};
/* End PBXProject section */

/* Begin PBXResourcesBuildPhase section */
		F0728044195919430032056D /* Resources */ = {
			isa = PBXResourcesBuildPhase;
			buildActionMask = 2147483647;
			files = (
				F072804E195919430032056D /* Images.xcassets in Resources */,
			);
			runOnlyForDeploymentPostprocessing = 0;
		};
		F0728051195919430032056D /* Resources */ = {
			isa = PBXResourcesBuildPhase;
			buildActionMask = 2147483647;
			files = (
			);
			runOnlyForDeploymentPostprocessing = 0;
		};
/* End PBXResourcesBuildPhase section */

/* Begin PBXSourcesBuildPhase section */
		F0728042195919430032056D /* Sources */ = {
			isa = PBXSourcesBuildPhase;
			buildActionMask = 2147483647;
			files = (
				F072804C195919430032056D /* AppDelegate.swift in Sources */,
				F0BA007319592E7B003D6A9B /* MVGCD.swift in Sources */,
			);
			runOnlyForDeploymentPostprocessing = 0;
		};
		F072804F195919430032056D /* Sources */ = {
			isa = PBXSourcesBuildPhase;
			buildActionMask = 2147483647;
			files = (
				F072805A195919430032056D /* MVGCDTests.swift in Sources */,
			);
			runOnlyForDeploymentPostprocessing = 0;
		};
/* End PBXSourcesBuildPhase section */

/* Begin PBXTargetDependency section */
		F0728055195919430032056D /* PBXTargetDependency */ = {
			isa = PBXTargetDependency;
			target = F0728045195919430032056D /* MVGCD */;
			targetProxy = F0728054195919430032056D /* PBXContainerItemProxy */;
		};
/* End PBXTargetDependency section */

/* Begin XCBuildConfiguration section */
		F072805B195919430032056D /* Debug */ = {
			isa = XCBuildConfiguration;
			buildSettings = {
				ALWAYS_SEARCH_USER_PATHS = NO;
				CLANG_CXX_LANGUAGE_STANDARD = "gnu++0x";
				CLANG_CXX_LIBRARY = "libc++";
				CLANG_ENABLE_MODULES = YES;
				CLANG_ENABLE_OBJC_ARC = YES;
				CLANG_WARN_BOOL_CONVERSION = YES;
				CLANG_WARN_CONSTANT_CONVERSION = YES;
				CLANG_WARN_DIRECT_OBJC_ISA_USAGE = YES_ERROR;
				CLANG_WARN_EMPTY_BODY = YES;
				CLANG_WARN_ENUM_CONVERSION = YES;
				CLANG_WARN_INT_CONVERSION = YES;
				CLANG_WARN_OBJC_ROOT_CLASS = YES_ERROR;
				CLANG_WARN_UNREACHABLE_CODE = YES;
				CLANG_WARN__DUPLICATE_METHOD_MATCH = YES;
				"CODE_SIGN_IDENTITY[sdk=iphoneos*]" = "iPhone Developer";
				COPY_PHASE_STRIP = NO;
				ENABLE_STRICT_OBJC_MSGSEND = YES;
				GCC_C_LANGUAGE_STANDARD = gnu99;
				GCC_DYNAMIC_NO_PIC = NO;
				GCC_OPTIMIZATION_LEVEL = 0;
				GCC_PREPROCESSOR_DEFINITIONS = (
					"DEBUG=1",
					"$(inherited)",
				);
				GCC_SYMBOLS_PRIVATE_EXTERN = NO;
				GCC_WARN_64_TO_32_BIT_CONVERSION = YES;
				GCC_WARN_ABOUT_RETURN_TYPE = YES_ERROR;
				GCC_WARN_UNDECLARED_SELECTOR = YES;
				GCC_WARN_UNINITIALIZED_AUTOS = YES_AGGRESSIVE;
				GCC_WARN_UNUSED_FUNCTION = YES;
				GCC_WARN_UNUSED_VARIABLE = YES;
				IPHONEOS_DEPLOYMENT_TARGET = 8.0;
				METAL_ENABLE_DEBUG_INFO = YES;
				ONLY_ACTIVE_ARCH = YES;
				SDKROOT = iphoneos;
				SWIFT_OPTIMIZATION_LEVEL = "-Onone";
			};
			name = Debug;
		};
		F072805C195919430032056D /* Release */ = {
			isa = XCBuildConfiguration;
			buildSettings = {
				ALWAYS_SEARCH_USER_PATHS = NO;
				CLANG_CXX_LANGUAGE_STANDARD = "gnu++0x";
				CLANG_CXX_LIBRARY = "libc++";
				CLANG_ENABLE_MODULES = YES;
				CLANG_ENABLE_OBJC_ARC = YES;
				CLANG_WARN_BOOL_CONVERSION = YES;
				CLANG_WARN_CONSTANT_CONVERSION = YES;
				CLANG_WARN_DIRECT_OBJC_ISA_USAGE = YES_ERROR;
				CLANG_WARN_EMPTY_BODY = YES;
				CLANG_WARN_ENUM_CONVERSION = YES;
				CLANG_WARN_INT_CONVERSION = YES;
				CLANG_WARN_OBJC_ROOT_CLASS = YES_ERROR;
				CLANG_WARN_UNREACHABLE_CODE = YES;
				CLANG_WARN__DUPLICATE_METHOD_MATCH = YES;
				"CODE_SIGN_IDENTITY[sdk=iphoneos*]" = "iPhone Developer";
				COPY_PHASE_STRIP = YES;
				ENABLE_NS_ASSERTIONS = NO;
				ENABLE_STRICT_OBJC_MSGSEND = YES;
				GCC_C_LANGUAGE_STANDARD = gnu99;
				GCC_WARN_64_TO_32_BIT_CONVERSION = YES;
				GCC_WARN_ABOUT_RETURN_TYPE = YES_ERROR;
				GCC_WARN_UNDECLARED_SELECTOR = YES;
				GCC_WARN_UNINITIALIZED_AUTOS = YES_AGGRESSIVE;
				GCC_WARN_UNUSED_FUNCTION = YES;
				GCC_WARN_UNUSED_VARIABLE = YES;
				IPHONEOS_DEPLOYMENT_TARGET = 8.0;
				METAL_ENABLE_DEBUG_INFO = NO;
				SDKROOT = iphoneos;
				VALIDATE_PRODUCT = YES;
			};
			name = Release;
		};
		F072805E195919430032056D /* Debug */ = {
			isa = XCBuildConfiguration;
			buildSettings = {
				ASSETCATALOG_COMPILER_APPICON_NAME = AppIcon;
				ASSETCATALOG_COMPILER_LAUNCHIMAGE_NAME = LaunchImage;
				INFOPLIST_FILE = MVGCD/Info.plist;
				LD_RUNPATH_SEARCH_PATHS = "$(inherited) @executable_path/Frameworks";
				PRODUCT_NAME = "$(TARGET_NAME)";
			};
			name = Debug;
		};
		F072805F195919430032056D /* Release */ = {
			isa = XCBuildConfiguration;
			buildSettings = {
				ASSETCATALOG_COMPILER_APPICON_NAME = AppIcon;
				ASSETCATALOG_COMPILER_LAUNCHIMAGE_NAME = LaunchImage;
				INFOPLIST_FILE = MVGCD/Info.plist;
				LD_RUNPATH_SEARCH_PATHS = "$(inherited) @executable_path/Frameworks";
				PRODUCT_NAME = "$(TARGET_NAME)";
			};
			name = Release;
		};
		F0728061195919430032056D /* Debug */ = {
			isa = XCBuildConfiguration;
			buildSettings = {
				BUNDLE_LOADER = "$(BUILT_PRODUCTS_DIR)/MVGCD.app/MVGCD";
				FRAMEWORK_SEARCH_PATHS = (
					"$(SDKROOT)/Developer/Library/Frameworks",
					"$(inherited)",
				);
				GCC_PREPROCESSOR_DEFINITIONS = (
					"DEBUG=1",
					"$(inherited)",
				);
				INFOPLIST_FILE = MVGCDTests/Info.plist;
				LD_RUNPATH_SEARCH_PATHS = "$(inherited) @executable_path/Frameworks @loader_path/Frameworks";
				METAL_ENABLE_DEBUG_INFO = YES;
				PRODUCT_NAME = "$(TARGET_NAME)";
				TEST_HOST = "$(BUNDLE_LOADER)";
			};
			name = Debug;
		};
		F0728062195919430032056D /* Release */ = {
			isa = XCBuildConfiguration;
			buildSettings = {
				BUNDLE_LOADER = "$(BUILT_PRODUCTS_DIR)/MVGCD.app/MVGCD";
				FRAMEWORK_SEARCH_PATHS = (
					"$(SDKROOT)/Developer/Library/Frameworks",
					"$(inherited)",
				);
				INFOPLIST_FILE = MVGCDTests/Info.plist;
				LD_RUNPATH_SEARCH_PATHS = "$(inherited) @executable_path/Frameworks @loader_path/Frameworks";
				METAL_ENABLE_DEBUG_INFO = NO;
				PRODUCT_NAME = "$(TARGET_NAME)";
				TEST_HOST = "$(BUNDLE_LOADER)";
			};
			name = Release;
		};
/* End XCBuildConfiguration section */

/* Begin XCConfigurationList section */
		F0728041195919420032056D /* Build configuration list for PBXProject "MVGCD" */ = {
			isa = XCConfigurationList;
			buildConfigurations = (
				F072805B195919430032056D /* Debug */,
				F072805C195919430032056D /* Release */,
			);
			defaultConfigurationIsVisible = 0;
			defaultConfigurationName = Release;
		};
		F072805D195919430032056D /* Build configuration list for PBXNativeTarget "MVGCD" */ = {
			isa = XCConfigurationList;
			buildConfigurations = (
				F072805E195919430032056D /* Debug */,
				F072805F195919430032056D /* Release */,
			);
			defaultConfigurationIsVisible = 0;
			defaultConfigurationName = Release;
		};
		F0728060195919430032056D /* Build configuration list for PBXNativeTarget "MVGCDTests" */ = {
			isa = XCConfigurationList;
			buildConfigurations = (
				F0728061195919430032056D /* Debug */,
				F0728062195919430032056D /* Release */,
			);
			defaultConfigurationIsVisible = 0;
			defaultConfigurationName = Release;
		};
/* End XCConfigurationList section */
	};
	rootObject = F072803E195919420032056D /* Project object */;
}
